
Microsoft Visual Studio Solution File, Format Version 12.00
# Visual Studio Version 17
VisualStudioVersion = 17.2.32630.192
MinimumVisualStudioVersion = 10.0.40219.1
Project("{FAE04EC0-301F-11D3-BF4B-00C04F79EFBC}") = "MiniFarm_Patterns_MVP_Wpf_App", "MiniFarm_Patterns_MVP_Wpf_App.csproj", "{7138A399-8BCC-4AD6-BF14-BC83EEB76DB7}"
EndProject
Global
	GlobalSection(SolutionConfigurationPlatforms) = preSolution
		Debug|Any CPU = Debug|Any CPU
		Release|Any CPU = Release|Any CPU
	EndGlobalSection
	GlobalSection(ProjectConfigurationPlatforms) = postSolution
		{7138A399-8BCC-4AD6-BF14-BC83EEB76DB7}.Debug|Any CPU.ActiveCfg = Debug|Any CPU
		{7138A399-8BCC-4AD6-BF14-BC83EEB76DB7}.Debug|Any CPU.Build.0 = Debug|Any CPU
		{7138A399-8BCC-4AD6-BF14-BC83EEB76DB7}.Release|Any CPU.ActiveCfg = Release|Any CPU
		{7138A399-8BCC-4AD6-BF14-BC83EEB76DB7}.Release|Any CPU.Build.0 = Release|Any CPU
	EndGlobalSection
	GlobalSection(SolutionProperties) = preSolution
		HideSolutionNode = FALSE
	EndGlobalSection
	GlobalSection(ExtensibilityGlobals) = postSolution
		SolutionGuid = {23065CA1-BBE4-4728-8A84-B454D40D8E99}
	EndGlobalSection
EndGlobal
